
Microsoft Visual Studio Solution File, Format Version 12.00
# Visual Studio Version 16
VisualStudioVersion = 16.0.31112.23
MinimumVisualStudioVersion = 10.0.40219.1
Project("{FAE04EC0-301F-11D3-BF4B-00C04F79EFBC}") = "ScreenshotHud", "ScreenshotHud\ScreenshotHud.csproj", "{807B8067-553C-4149-9356-DBE61881AF36}"
EndProject
Global
	GlobalSection(SolutionConfigurationPlatforms) = preSolution
		Debug|Any CPU = Debug|Any CPU
		Release|Any CPU = Release|Any CPU
	EndGlobalSection
	GlobalSection(ProjectConfigurationPlatforms) = postSolution
		{807B8067-553C-4149-9356-DBE61881AF36}.Debug|Any CPU.ActiveCfg = Debug|Any CPU
		{807B8067-553C-4149-9356-DBE61881AF36}.Debug|Any CPU.Build.0 = Debug|Any CPU
		{807B8067-553C-4149-9356-DBE61881AF36}.Release|Any CPU.ActiveCfg = Release|Any CPU
		{807B8067-553C-4149-9356-DBE61881AF36}.Release|Any CPU.Build.0 = Release|Any CPU
	EndGlobalSection
	GlobalSection(SolutionProperties) = preSolution
		HideSolutionNode = FALSE
	EndGlobalSection
	GlobalSection(ExtensibilityGlobals) = postSolution
		SolutionGuid = {DB40DE92-5A53-4DE7-8ABC-EF184DEB39C0}
	EndGlobalSection
EndGlobal
